
Microsoft Visual Studio Solution File, Format Version 12.00
# Visual Studio 15
VisualStudioVersion = 15.0.27703.2042
MinimumVisualStudioVersion = 10.0.40219.1
Project("{E24C65DC-7377-472B-9ABA-BC803B73C61A}") = "KMS.Staffing.WebAPI(1)", "..\..\KMS.Staffing.WebAPI\", "{DA575C86-7AD3-42F0-90BF-3DF328D9B260}"
	ProjectSection(WebsiteProperties) = preProject
		TargetFrameworkMoniker = ".NETFramework,Version%3Dv4.6.1"
		ProjectReferences = "{7ecc1ba6-fe6e-4ee7-9bf2-b24a56fb9ae1}|KMS.Staffing.Logic.dll;{F312A2C0-B381-4D2A-B412-67986DAA785D}|KMS.Staffing.Core.dll;{8C2015E5-B296-480B-983F-06F88C87D672}|KMS.Staffing.Repository.dll;"
		Debug.AspNetCompiler.VirtualPath = "/localhost_58955"
		Debug.AspNetCompiler.PhysicalPath = "..\..\KMS.Staffing.WebAPI\"
		Debug.AspNetCompiler.TargetPath = "PrecompiledWeb\localhost_58955\"
		Debug.AspNetCompiler.Updateable = "true"
		Debug.AspNetCompiler.ForceOverwrite = "true"
		Debug.AspNetCompiler.FixedNames = "false"
		Debug.AspNetCompiler.Debug = "True"
		Release.AspNetCompiler.VirtualPath = "/localhost_58955"
		Release.AspNetCompiler.PhysicalPath = "..\..\KMS.Staffing.WebAPI\"
		Release.AspNetCompiler.TargetPath = "PrecompiledWeb\localhost_58955\"
		Release.AspNetCompiler.Updateable = "true"
		Release.AspNetCompiler.ForceOverwrite = "true"
		Release.AspNetCompiler.FixedNames = "false"
		Release.AspNetCompiler.Debug = "False"
		VWDPort = "58955"
		SlnRelativePath = "..\..\KMS.Staffing.WebAPI\"
		DefaultWebSiteLanguage = "Visual C#"
	EndProjectSection
EndProject
Project("{FAE04EC0-301F-11D3-BF4B-00C04F79EFBC}") = "KMS.Staffing.Logic", "..\..\KMS.Staffing.Logic\KMS.Staffing.Logic.csproj", "{7ECC1BA6-FE6E-4EE7-9BF2-B24A56FB9AE1}"
EndProject
Project("{FAE04EC0-301F-11D3-BF4B-00C04F79EFBC}") = "KMS.Staffing.Repository", "..\..\KMS.Staffing.Repository\KMS.Staffing.Repository.csproj", "{8C2015E5-B296-480B-983F-06F88C87D672}"
EndProject
Project("{FAE04EC0-301F-11D3-BF4B-00C04F79EFBC}") = "KMS.Staffing.Core", "..\..\KMS.Staffing.Core\KMS.Staffing.Core.csproj", "{F312A2C0-B381-4D2A-B412-67986DAA785D}"
EndProject
Project("{FAE04EC0-301F-11D3-BF4B-00C04F79EFBC}") = "KMS.Staffing.Repository.Test", "..\..\KMS.Staffing.Repository.Test\KMS.Staffing.Repository.Test.csproj", "{EB54CAB3-54FA-4B38-9395-A223FBB59C47}"
EndProject
Project("{FAE04EC0-301F-11D3-BF4B-00C04F79EFBC}") = "KMS.Staffing.Logic.Test", "..\..\KMS.Staffing.Logic.Test\KMS.Staffing.Logic.Test.csproj", "{C40725B9-8916-4032-ACA2-7116E8F59125}"
EndProject
Project("{2150E333-8FDC-42A3-9474-1A3956D46DE8}") = "UnitTest", "UnitTest", "{654B0C53-CC59-4AAD-9D87-EA88E24988EB}"
EndProject
Global
	GlobalSection(SolutionConfigurationPlatforms) = preSolution
		Debug|Any CPU = Debug|Any CPU
		Release|Any CPU = Release|Any CPU
	EndGlobalSection
	GlobalSection(ProjectConfigurationPlatforms) = postSolution
		{DA575C86-7AD3-42F0-90BF-3DF328D9B260}.Debug|Any CPU.ActiveCfg = Debug|Any CPU
		{DA575C86-7AD3-42F0-90BF-3DF328D9B260}.Debug|Any CPU.Build.0 = Debug|Any CPU
		{DA575C86-7AD3-42F0-90BF-3DF328D9B260}.Release|Any CPU.ActiveCfg = Debug|Any CPU
		{DA575C86-7AD3-42F0-90BF-3DF328D9B260}.Release|Any CPU.Build.0 = Debug|Any CPU
		{7ECC1BA6-FE6E-4EE7-9BF2-B24A56FB9AE1}.Debug|Any CPU.ActiveCfg = Debug|Any CPU
		{7ECC1BA6-FE6E-4EE7-9BF2-B24A56FB9AE1}.Debug|Any CPU.Build.0 = Debug|Any CPU
		{7ECC1BA6-FE6E-4EE7-9BF2-B24A56FB9AE1}.Release|Any CPU.ActiveCfg = Release|Any CPU
		{7ECC1BA6-FE6E-4EE7-9BF2-B24A56FB9AE1}.Release|Any CPU.Build.0 = Release|Any CPU
		{8C2015E5-B296-480B-983F-06F88C87D672}.Debug|Any CPU.ActiveCfg = Debug|Any CPU
		{8C2015E5-B296-480B-983F-06F88C87D672}.Debug|Any CPU.Build.0 = Debug|Any CPU
		{8C2015E5-B296-480B-983F-06F88C87D672}.Release|Any CPU.ActiveCfg = Release|Any CPU
		{8C2015E5-B296-480B-983F-06F88C87D672}.Release|Any CPU.Build.0 = Release|Any CPU
		{F312A2C0-B381-4D2A-B412-67986DAA785D}.Debug|Any CPU.ActiveCfg = Debug|Any CPU
		{F312A2C0-B381-4D2A-B412-67986DAA785D}.Debug|Any CPU.Build.0 = Debug|Any CPU
		{F312A2C0-B381-4D2A-B412-67986DAA785D}.Release|Any CPU.ActiveCfg = Release|Any CPU
		{F312A2C0-B381-4D2A-B412-67986DAA785D}.Release|Any CPU.Build.0 = Release|Any CPU
		{EB54CAB3-54FA-4B38-9395-A223FBB59C47}.Debug|Any CPU.ActiveCfg = Debug|Any CPU
		{EB54CAB3-54FA-4B38-9395-A223FBB59C47}.Debug|Any CPU.Build.0 = Debug|Any CPU
		{EB54CAB3-54FA-4B38-9395-A223FBB59C47}.Release|Any CPU.ActiveCfg = Release|Any CPU
		{EB54CAB3-54FA-4B38-9395-A223FBB59C47}.Release|Any CPU.Build.0 = Release|Any CPU
		{C40725B9-8916-4032-ACA2-7116E8F59125}.Debug|Any CPU.ActiveCfg = Debug|Any CPU
		{C40725B9-8916-4032-ACA2-7116E8F59125}.Debug|Any CPU.Build.0 = Debug|Any CPU
		{C40725B9-8916-4032-ACA2-7116E8F59125}.Release|Any CPU.ActiveCfg = Release|Any CPU
		{C40725B9-8916-4032-ACA2-7116E8F59125}.Release|Any CPU.Build.0 = Release|Any CPU
	EndGlobalSection
	GlobalSection(SolutionProperties) = preSolution
		HideSolutionNode = FALSE
	EndGlobalSection
	GlobalSection(NestedProjects) = preSolution
		{EB54CAB3-54FA-4B38-9395-A223FBB59C47} = {654B0C53-CC59-4AAD-9D87-EA88E24988EB}
		{C40725B9-8916-4032-ACA2-7116E8F59125} = {654B0C53-CC59-4AAD-9D87-EA88E24988EB}
	EndGlobalSection
	GlobalSection(ExtensibilityGlobals) = postSolution
		SolutionGuid = {E7AF3891-084B-4E42-9111-E20435AD4589}
	EndGlobalSection
EndGlobal
